Microsoft Visual Studio Solution File, Format Version 8.00
Project("{8BC9CEB8-8B4A-11D0-8D11-00A0C91BC942}") = "JStringTests", "JStringTests.vcproj", "{E57C05CF-5C92-447F-8004-0444D0F8DF04}"
	ProjectSection(ProjectDependencies) = postProject
	EndProjectSection
EndProject
Global
	GlobalSection(SolutionConfiguration) = preSolution
		Debug = Debug
		Release = Release
	EndGlobalSection
	GlobalSection(ProjectConfiguration) = postSolution
		{E57C05CF-5C92-447F-8004-0444D0F8DF04}.Debug.ActiveCfg = Debug|Win32
		{E57C05CF-5C92-447F-8004-0444D0F8DF04}.Debug.Build.0 = Debug|Win32
		{E57C05CF-5C92-447F-8004-0444D0F8DF04}.Release.ActiveCfg = Release|Win32
		{E57C05CF-5C92-447F-8004-0444D0F8DF04}.Release.Build.0 = Release|Win32
	EndGlobalSection
	GlobalSection(ExtensibilityGlobals) = postSolution
	EndGlobalSection
	GlobalSection(ExtensibilityAddIns) = postSolution
	EndGlobalSection
EndGlobal
