Microsoft Visual Studio Solution File, Format Version 8.00
Project("{8BC9CEB8-8B4A-11D0-8D11-00A0C91BC942}") = "BSU_Is_Tests", "BSU_Is_Tests.vcproj", "{882993AC-8C7B-4278-BDE5-C7121736BBB3}"
	ProjectSection(ProjectDependencies) = postProject
	EndProjectSection
EndProject
Global
	GlobalSection(SolutionConfiguration) = preSolution
		Debug = Debug
	EndGlobalSection
	GlobalSection(ProjectConfiguration) = postSolution
		{882993AC-8C7B-4278-BDE5-C7121736BBB3}.Debug.ActiveCfg = Debug|Win32
		{882993AC-8C7B-4278-BDE5-C7121736BBB3}.Debug.Build.0 = Debug|Win32
	EndGlobalSection
	GlobalSection(ExtensibilityGlobals) = postSolution
	EndGlobalSection
	GlobalSection(ExtensibilityAddIns) = postSolution
	EndGlobalSection
EndGlobal
