Microsoft Visual Studio Solution File, Format Version 8.00
Project("{8BC9CEB8-8B4A-11D0-8D11-00A0C91BC942}") = "Paige32", "Paige32.vcproj", "{5DB638FF-0962-4809-8E48-C9AE46064F62}"
	ProjectSection(ProjectDependencies) = postProject
	EndProjectSection
EndProject
Global
	GlobalSection(SourceCodeControl) = preSolution
		SccNumberOfProjects = 1
		SccProjectUniqueName0 = Paige32.vcproj
		SccProjectName0 = \u0022$/Eudora/Paige\u0020DLL/PAIGE32\u0022,\u0020KTYBAAAA
		SccLocalPath0 = .
		SccProvider0 = MSSCCI:Perforce\u0020SCM
	EndGlobalSection
	GlobalSection(SolutionConfiguration) = preSolution
		Debug = Debug
		Release = Release
	EndGlobalSection
	GlobalSection(ProjectConfiguration) = postSolution
		{5DB638FF-0962-4809-8E48-C9AE46064F62}.Debug.ActiveCfg = Debug|Win32
		{5DB638FF-0962-4809-8E48-C9AE46064F62}.Debug.Build.0 = Debug|Win32
		{5DB638FF-0962-4809-8E48-C9AE46064F62}.Release.ActiveCfg = Release|Win32
		{5DB638FF-0962-4809-8E48-C9AE46064F62}.Release.Build.0 = Release|Win32
	EndGlobalSection
	GlobalSection(ExtensibilityGlobals) = postSolution
	EndGlobalSection
	GlobalSection(ExtensibilityAddIns) = postSolution
	EndGlobalSection
EndGlobal
