Microsoft Visual Studio Solution File, Format Version 8.00
Project("{8BC9CEB8-8B4A-11D0-8D11-00A0C91BC942}") = "HookImportedFunctionByName", "HookImportedFunctionByName.vcproj", "{889DE723-43C8-4615-A095-5BA22314765B}"
	ProjectSection(ProjectDependencies) = postProject
	EndProjectSection
EndProject
Global
	GlobalSection(SolutionConfiguration) = preSolution
		Debug = Debug
	EndGlobalSection
	GlobalSection(ProjectConfiguration) = postSolution
		{889DE723-43C8-4615-A095-5BA22314765B}.Debug.ActiveCfg = Debug|Win32
		{889DE723-43C8-4615-A095-5BA22314765B}.Debug.Build.0 = Debug|Win32
	EndGlobalSection
	GlobalSection(ExtensibilityGlobals) = postSolution
	EndGlobalSection
	GlobalSection(ExtensibilityAddIns) = postSolution
	EndGlobalSection
EndGlobal
